
Microsoft Visual Studio Solution File, Format Version 12.00
# Visual Studio Version 17
VisualStudioVersion = 17.5.33502.453
MinimumVisualStudioVersion = 10.0.40219.1
Project("{FAE04EC0-301F-11D3-BF4B-00C04F79EFBC}") = "DemoContinuousintegration", "DemoContinuousintegration\DemoContinuousintegration.csproj", "{ED808749-8F0F-4677-B06F-B1EAD608D88F}"
EndProject
Global
	GlobalSection(SolutionConfigurationPlatforms) = preSolution
		Debug|Any CPU = Debug|Any CPU
		Release|Any CPU = Release|Any CPU
	EndGlobalSection
	GlobalSection(ProjectConfigurationPlatforms) = postSolution
		{ED808749-8F0F-4677-B06F-B1EAD608D88F}.Debug|Any CPU.ActiveCfg = Debug|Any CPU
		{ED808749-8F0F-4677-B06F-B1EAD608D88F}.Debug|Any CPU.Build.0 = Debug|Any CPU
		{ED808749-8F0F-4677-B06F-B1EAD608D88F}.Release|Any CPU.ActiveCfg = Release|Any CPU
		{ED808749-8F0F-4677-B06F-B1EAD608D88F}.Release|Any CPU.Build.0 = Release|Any CPU
	EndGlobalSection
	GlobalSection(SolutionProperties) = preSolution
		HideSolutionNode = FALSE
	EndGlobalSection
	GlobalSection(ExtensibilityGlobals) = postSolution
		SolutionGuid = {0E2AB21F-DCFF-4448-BBA7-39931E2BABBC}
	EndGlobalSection
EndGlobal
